
Microsoft Visual Studio Solution File, Format Version 12.00
# Visual Studio Version 17
VisualStudioVersion = 17.8.34408.163
MinimumVisualStudioVersion = 10.0.40219.1
Project("{8BC9CEB8-8B4A-11D0-8D11-00A0C91BC942}") = "SP 5", "SP 5\SP 5.vcxproj", "{104BF9FE-7B1B-476E-ABD8-30E915428D3F}"
EndProject
Global
	GlobalSection(SolutionConfigurationPlatforms) = preSolution
		Debug|x64 = Debug|x64
		Debug|x86 = Debug|x86
		Release|x64 = Release|x64
		Release|x86 = Release|x86
	EndGlobalSection
	GlobalSection(ProjectConfigurationPlatforms) = postSolution
		{104BF9FE-7B1B-476E-ABD8-30E915428D3F}.Debug|x64.ActiveCfg = Debug|x64
		{104BF9FE-7B1B-476E-ABD8-30E915428D3F}.Debug|x64.Build.0 = Debug|x64
		{104BF9FE-7B1B-476E-ABD8-30E915428D3F}.Debug|x86.ActiveCfg = Debug|Win32
		{104BF9FE-7B1B-476E-ABD8-30E915428D3F}.Debug|x86.Build.0 = Debug|Win32
		{104BF9FE-7B1B-476E-ABD8-30E915428D3F}.Release|x64.ActiveCfg = Release|x64
		{104BF9FE-7B1B-476E-ABD8-30E915428D3F}.Release|x64.Build.0 = Release|x64
		{104BF9FE-7B1B-476E-ABD8-30E915428D3F}.Release|x86.ActiveCfg = Release|Win32
		{104BF9FE-7B1B-476E-ABD8-30E915428D3F}.Release|x86.Build.0 = Release|Win32
	EndGlobalSection
	GlobalSection(SolutionProperties) = preSolution
		HideSolutionNode = FALSE
	EndGlobalSection
	GlobalSection(ExtensibilityGlobals) = postSolution
		SolutionGuid = {1118D481-7EA2-44F0-B41E-5FCCC9684B5A}
	EndGlobalSection
EndGlobal
